{
  "requires": true,
  "lockfileVersion": 1,
  "dependencies": {
    "react-native-pager-view": {
      "version": "5.3.2",
      "resolved": "https://registry.npmjs.org/react-native-pager-view/-/react-native-pager-view-5.3.2.tgz",
      "integrity": "sha512-IYMxRg5gvoyOBhXeo8+LrA2TN1NjxmvTCyaTnbzVIScUTucYZwHL/8raXBi1k3p71JL2WjyA1KW/j6gVDzBOiQ=="
    }
  }
}
